
Microsoft Visual Studio Solution File, Format Version 12.00
# Visual Studio 2012
Project("{FAE04EC0-301F-11D3-BF4B-00C04F79EFBC}") = "SortingExtensions", "SortingExtensions\SortingExtensions.csproj", "{C8E5C96F-400F-432D-969E-A0724C14BDB3}"
EndProject
Project("{FAE04EC0-301F-11D3-BF4B-00C04F79EFBC}") = "SortingExtensions.Tests", "SortingExtensions.Tests\SortingExtensions.Tests.csproj", "{2E311E86-64A2-44AA-A86A-4CE72F5B6E8A}"
EndProject
Project("{FAE04EC0-301F-11D3-BF4B-00C04F79EFBC}") = "SortingExtensions.Demo", "SortingExtensions.Demo\SortingExtensions.Demo.csproj", "{5B4AEEBC-60A4-4D61-8D3B-8B78C5FFA583}"
EndProject
Global
	GlobalSection(SolutionConfigurationPlatforms) = preSolution
		Debug|Any CPU = Debug|Any CPU
		Release|Any CPU = Release|Any CPU
	EndGlobalSection
	GlobalSection(ProjectConfigurationPlatforms) = postSolution
		{C8E5C96F-400F-432D-969E-A0724C14BDB3}.Debug|Any CPU.ActiveCfg = Debug|Any CPU
		{C8E5C96F-400F-432D-969E-A0724C14BDB3}.Debug|Any CPU.Build.0 = Debug|Any CPU
		{C8E5C96F-400F-432D-969E-A0724C14BDB3}.Release|Any CPU.ActiveCfg = Release|Any CPU
		{C8E5C96F-400F-432D-969E-A0724C14BDB3}.Release|Any CPU.Build.0 = Release|Any CPU
		{2E311E86-64A2-44AA-A86A-4CE72F5B6E8A}.Debug|Any CPU.ActiveCfg = Debug|Any CPU
		{2E311E86-64A2-44AA-A86A-4CE72F5B6E8A}.Debug|Any CPU.Build.0 = Debug|Any CPU
		{2E311E86-64A2-44AA-A86A-4CE72F5B6E8A}.Release|Any CPU.ActiveCfg = Release|Any CPU
		{2E311E86-64A2-44AA-A86A-4CE72F5B6E8A}.Release|Any CPU.Build.0 = Release|Any CPU
		{5B4AEEBC-60A4-4D61-8D3B-8B78C5FFA583}.Debug|Any CPU.ActiveCfg = Debug|Any CPU
		{5B4AEEBC-60A4-4D61-8D3B-8B78C5FFA583}.Debug|Any CPU.Build.0 = Debug|Any CPU
		{5B4AEEBC-60A4-4D61-8D3B-8B78C5FFA583}.Release|Any CPU.ActiveCfg = Release|Any CPU
		{5B4AEEBC-60A4-4D61-8D3B-8B78C5FFA583}.Release|Any CPU.Build.0 = Release|Any CPU
	EndGlobalSection
	GlobalSection(SolutionProperties) = preSolution
		HideSolutionNode = FALSE
	EndGlobalSection
EndGlobal
